
Microsoft Visual Studio Solution File, Format Version 12.00
# Visual Studio Version 17
VisualStudioVersion = 17.3.32825.248
MinimumVisualStudioVersion = 10.0.40219.1
Project("{FAE04EC0-301F-11D3-BF4B-00C04F79EFBC}") = "CSharpAdo", "CSharpAdo\CSharpAdo.csproj", "{21AE9912-9373-463B-8A57-378BB94C6448}"
EndProject
Project("{FAE04EC0-301F-11D3-BF4B-00C04F79EFBC}") = "CrudDeneme", "..\CrudDeneme\CrudDeneme.csproj", "{B32B5DA2-CFC8-4032-935D-18540CD31084}"
EndProject
Global
	GlobalSection(SolutionConfigurationPlatforms) = preSolution
		Debug|Any CPU = Debug|Any CPU
		Release|Any CPU = Release|Any CPU
	EndGlobalSection
	GlobalSection(ProjectConfigurationPlatforms) = postSolution
		{21AE9912-9373-463B-8A57-378BB94C6448}.Debug|Any CPU.ActiveCfg = Debug|Any CPU
		{21AE9912-9373-463B-8A57-378BB94C6448}.Debug|Any CPU.Build.0 = Debug|Any CPU
		{21AE9912-9373-463B-8A57-378BB94C6448}.Release|Any CPU.ActiveCfg = Release|Any CPU
		{21AE9912-9373-463B-8A57-378BB94C6448}.Release|Any CPU.Build.0 = Release|Any CPU
		{B32B5DA2-CFC8-4032-935D-18540CD31084}.Debug|Any CPU.ActiveCfg = Debug|Any CPU
		{B32B5DA2-CFC8-4032-935D-18540CD31084}.Debug|Any CPU.Build.0 = Debug|Any CPU
		{B32B5DA2-CFC8-4032-935D-18540CD31084}.Release|Any CPU.ActiveCfg = Release|Any CPU
		{B32B5DA2-CFC8-4032-935D-18540CD31084}.Release|Any CPU.Build.0 = Release|Any CPU
	EndGlobalSection
	GlobalSection(SolutionProperties) = preSolution
		HideSolutionNode = FALSE
	EndGlobalSection
	GlobalSection(ExtensibilityGlobals) = postSolution
		SolutionGuid = {6AB90A47-E5C4-4494-A0E2-E3F0835176D8}
	EndGlobalSection
EndGlobal
