
Microsoft Visual Studio Solution File, Format Version 12.00
# Visual Studio Version 17
VisualStudioVersion = 17.3.32825.248
MinimumVisualStudioVersion = 10.0.40219.1
Project("{FAE04EC0-301F-11D3-BF4B-00C04F79EFBC}") = "KitaplikUygulamaWeb", "KitaplikUygulamaWeb\KitaplikUygulamaWeb.csproj", "{D65ABD52-921D-4509-9D33-8BFF7914B48D}"
EndProject
Global
	GlobalSection(SolutionConfigurationPlatforms) = preSolution
		Debug|Any CPU = Debug|Any CPU
		Release|Any CPU = Release|Any CPU
	EndGlobalSection
	GlobalSection(ProjectConfigurationPlatforms) = postSolution
		{D65ABD52-921D-4509-9D33-8BFF7914B48D}.Debug|Any CPU.ActiveCfg = Debug|Any CPU
		{D65ABD52-921D-4509-9D33-8BFF7914B48D}.Debug|Any CPU.Build.0 = Debug|Any CPU
		{D65ABD52-921D-4509-9D33-8BFF7914B48D}.Release|Any CPU.ActiveCfg = Release|Any CPU
		{D65ABD52-921D-4509-9D33-8BFF7914B48D}.Release|Any CPU.Build.0 = Release|Any CPU
	EndGlobalSection
	GlobalSection(SolutionProperties) = preSolution
		HideSolutionNode = FALSE
	EndGlobalSection
	GlobalSection(ExtensibilityGlobals) = postSolution
		SolutionGuid = {22586896-0253-48AF-914F-8251F7F73A1D}
	EndGlobalSection
EndGlobal
